// !$*UTF8*$!
{
	archiveVersion = 1;
	classes = {
	};
	objectVersion = 56;
	objects = {

/* Begin PBXBuildFile section */
		033B4A3B29D6083A00BC4EF6 /* RayzApp.swift in Sources */ = {isa = PBXBuildFile; fileRef = 033B4A3A29D6083A00BC4EF6 /* RayzApp.swift */; };
		033B4A3F29D6083B00BC4EF6 /* Assets.xcassets in Resources */ = {isa = PBXBuildFile; fileRef = 033B4A3E29D6083B00BC4EF6 /* Assets.xcassets */; };
		033B4A4D29D6083B00BC4EF6 /* RayzTests.swift in Sources */ = {isa = PBXBuildFile; fileRef = 033B4A4C29D6083B00BC4EF6 /* RayzTests.swift */; };
		034526DA29D629D9006836D0 /* Start.swift in Sources */ = {isa = PBXBuildFile; fileRef = 034526D929D629D9006836D0 /* Start.swift */; };
		034CB60B29D6158D0011751F /* ComposableArchitecture in Frameworks */ = {isa = PBXBuildFile; productRef = 034CB60A29D6158D0011751F /* ComposableArchitecture */; };
		034CB61229D61A590011751F /* Root.swift in Sources */ = {isa = PBXBuildFile; fileRef = 034CB61129D61A590011751F /* Root.swift */; };
		034CB61D29D622670011751F /* MaskMaker.swift in Sources */ = {isa = PBXBuildFile; fileRef = 034CB61B29D61CFD0011751F /* MaskMaker.swift */; };
		034CB61E29D6226A0011751F /* DIS08.mlpackage in Sources */ = {isa = PBXBuildFile; fileRef = 034CB61C29D61D350011751F /* DIS08.mlpackage */; };
		034CB61F29D6227D0011751F /* MaskMakerClient.swift in Sources */ = {isa = PBXBuildFile; fileRef = 034CB61A29D61CFD0011751F /* MaskMakerClient.swift */; };
		034CB62D29D624810011751F /* Glow.swift in Sources */ = {isa = PBXBuildFile; fileRef = 034CB62929D624250011751F /* Glow.swift */; };
		034CB62E29D624840011751F /* GodRays.swift in Sources */ = {isa = PBXBuildFile; fileRef = 034CB62B29D624250011751F /* GodRays.swift */; };
		034CB62F29D624840011751F /* Rainbow.swift in Sources */ = {isa = PBXBuildFile; fileRef = 034CB62729D6240B0011751F /* Rainbow.swift */; };
		034CB63029D624840011751F /* Vignette.swift in Sources */ = {isa = PBXBuildFile; fileRef = 034CB62C29D624250011751F /* Vignette.swift */; };
		034CB63129D624840011751F /* CGImage+Trim.swift in Sources */ = {isa = PBXBuildFile; fileRef = 034CB62629D6240A0011751F /* CGImage+Trim.swift */; };
		034CB63229D624840011751F /* ShareSheet.swift in Sources */ = {isa = PBXBuildFile; fileRef = 034CB62829D6240B0011751F /* ShareSheet.swift */; };
		034CB63329D624840011751F /* Particles.swift in Sources */ = {isa = PBXBuildFile; fileRef = 034CB62A29D624250011751F /* Particles.swift */; };
		034CB63529D625350011751F /* UIImage+SolidColor.swift in Sources */ = {isa = PBXBuildFile; fileRef = 034CB63429D625350011751F /* UIImage+SolidColor.swift */; };
		034CB63729D625D20011751F /* ColorTheme.swift in Sources */ = {isa = PBXBuildFile; fileRef = 034CB63629D625D20011751F /* ColorTheme.swift */; };
		034CB63A29D626570011751F /* Butttons.swift in Sources */ = {isa = PBXBuildFile; fileRef = 034CB63929D626570011751F /* Butttons.swift */; };
		034CB64029D626FD0011751F /* ExpandableGroup.swift in Sources */ = {isa = PBXBuildFile; fileRef = 034CB63F29D626FD0011751F /* ExpandableGroup.swift */; };
		03F9F9A729D65A3300C91CE3 /* ImagePicker.swift in Sources */ = {isa = PBXBuildFile; fileRef = 03F9F9A629D65A3300C91CE3 /* ImagePicker.swift */; };
		03F9F9A929D66BBB00C91CE3 /* Capture.swift in Sources */ = {isa = PBXBuildFile; fileRef = 03F9F9A829D66BBB00C91CE3 /* Capture.swift */; };
/* End PBXBuildFile section */

/* Begin PBXContainerItemProxy section */
		033B4A4929D6083B00BC4EF6 /* PBXContainerItemProxy */ = {
			isa = PBXContainerItemProxy;
			containerPortal = 033B4A2F29D6083A00BC4EF6 /* Project object */;
			proxyType = 1;
			remoteGlobalIDString = 033B4A3629D6083A00BC4EF6;
			remoteInfo = Rayz;
		};
/* End PBXContainerItemProxy section */

/* Begin PBXFileReference section */
		033B4A3729D6083A00BC4EF6 /* Rayz.app */ = {isa = PBXFileReference; explicitFileType = wrapper.application; includeInIndex = 0; path = Rayz.app; sourceTree = BUILT_PRODUCTS_DIR; };
		033B4A3A29D6083A00BC4EF6 /* RayzApp.swift */ = {isa = PBXFileReference; lastKnownFileType = sourcecode.swift; path = RayzApp.swift; sourceTree = "<group>"; };
		033B4A3E29D6083B00BC4EF6 /* Assets.xcassets */ = {isa = PBXFileReference; lastKnownFileType = folder.assetcatalog; path = Assets.xcassets; sourceTree = "<group>"; };
		033B4A4029D6083B00BC4EF6 /* Rayz.entitlements */ = {isa = PBXFileReference; lastKnownFileType = text.plist.entitlements; path = Rayz.entitlements; sourceTree = "<group>"; };
		033B4A4829D6083B00BC4EF6 /* RayzTests.xctest */ = {isa = PBXFileReference; explicitFileType = wrapper.cfbundle; includeInIndex = 0; path = RayzTests.xctest; sourceTree = BUILT_PRODUCTS_DIR; };
		033B4A4C29D6083B00BC4EF6 /* RayzTests.swift */ = {isa = PBXFileReference; lastKnownFileType = sourcecode.swift; path = RayzTests.swift; sourceTree = "<group>"; };
		034526D929D629D9006836D0 /* Start.swift */ = {isa = PBXFileReference; lastKnownFileType = sourcecode.swift; path = Start.swift; sourceTree = "<group>"; };
		034526DB29D62F48006836D0 /* Info.plist */ = {isa = PBXFileReference; lastKnownFileType = text.plist.xml; path = Info.plist; sourceTree = "<group>"; };
		034CB60829D608CC0011751F /* Preview Assets.xcassets */ = {isa = PBXFileReference; lastKnownFileType = folder.assetcatalog; path = "Preview Assets.xcassets"; sourceTree = "<group>"; };
		034CB61129D61A590011751F /* Root.swift */ = {isa = PBXFileReference; lastKnownFileType = sourcecode.swift; path = Root.swift; sourceTree = "<group>"; };
		034CB61A29D61CFD0011751F /* MaskMakerClient.swift */ = {isa = PBXFileReference; lastKnownFileType = sourcecode.swift; path = MaskMakerClient.swift; sourceTree = "<group>"; };
		034CB61B29D61CFD0011751F /* MaskMaker.swift */ = {isa = PBXFileReference; lastKnownFileType = sourcecode.swift; path = MaskMaker.swift; sourceTree = "<group>"; };
		034CB61C29D61D350011751F /* DIS08.mlpackage */ = {isa = PBXFileReference; lastKnownFileType = folder.mlpackage; path = DIS08.mlpackage; sourceTree = "<group>"; };
		034CB62629D6240A0011751F /* CGImage+Trim.swift */ = {isa = PBXFileReference; lastKnownFileType = sourcecode.swift; path = "CGImage+Trim.swift"; sourceTree = "<group>"; };
		034CB62729D6240B0011751F /* Rainbow.swift */ = {isa = PBXFileReference; lastKnownFileType = sourcecode.swift; path = Rainbow.swift; sourceTree = "<group>"; };
		034CB62829D6240B0011751F /* ShareSheet.swift */ = {isa = PBXFileReference; lastKnownFileType = sourcecode.swift; path = ShareSheet.swift; sourceTree = "<group>"; };
		034CB62929D624250011751F /* Glow.swift */ = {isa = PBXFileReference; lastKnownFileType = sourcecode.swift; path = Glow.swift; sourceTree = "<group>"; };
		034CB62A29D624250011751F /* Particles.swift */ = {isa = PBXFileReference; lastKnownFileType = sourcecode.swift; path = Particles.swift; sourceTree = "<group>"; };
		034CB62B29D624250011751F /* GodRays.swift */ = {isa = PBXFileReference; lastKnownFileType = sourcecode.swift; path = GodRays.swift; sourceTree = "<group>"; };
		034CB62C29D624250011751F /* Vignette.swift */ = {isa = PBXFileReference; lastKnownFileType = sourcecode.swift; path = Vignette.swift; sourceTree = "<group>"; };
		034CB63429D625350011751F /* UIImage+SolidColor.swift */ = {isa = PBXFileReference; lastKnownFileType = sourcecode.swift; path = "UIImage+SolidColor.swift"; sourceTree = "<group>"; };
		034CB63629D625D20011751F /* ColorTheme.swift */ = {isa = PBXFileReference; lastKnownFileType = sourcecode.swift; path = ColorTheme.swift; sourceTree = "<group>"; };
		034CB63929D626570011751F /* Butttons.swift */ = {isa = PBXFileReference; lastKnownFileType = sourcecode.swift; path = Butttons.swift; sourceTree = "<group>"; };
		034CB63F29D626FD0011751F /* ExpandableGroup.swift */ = {isa = PBXFileReference; lastKnownFileType = sourcecode.swift; path = ExpandableGroup.swift; sourceTree = "<group>"; };
		03F9F9A629D65A3300C91CE3 /* ImagePicker.swift */ = {isa = PBXFileReference; lastKnownFileType = sourcecode.swift; path = ImagePicker.swift; sourceTree = "<group>"; };
		03F9F9A829D66BBB00C91CE3 /* Capture.swift */ = {isa = PBXFileReference; lastKnownFileType = sourcecode.swift; path = Capture.swift; sourceTree = "<group>"; };
/* End PBXFileReference section */

/* Begin PBXFrameworksBuildPhase section */
		033B4A3429D6083A00BC4EF6 /* Frameworks */ = {
			isa = PBXFrameworksBuildPhase;
			buildActionMask = 2147483647;
			files = (
				034CB60B29D6158D0011751F /* ComposableArchitecture in Frameworks */,
			);
			runOnlyForDeploymentPostprocessing = 0;
		};
		033B4A4529D6083B00BC4EF6 /* Frameworks */ = {
			isa = PBXFrameworksBuildPhase;
			buildActionMask = 2147483647;
			files = (
			);
			runOnlyForDeploymentPostprocessing = 0;
		};
/* End PBXFrameworksBuildPhase section */

/* Begin PBXGroup section */
		033B4A2E29D6083A00BC4EF6 = {
			isa = PBXGroup;
			children = (
				033B4A6529D6086500BC4EF6 /* Resources */,
				033B4A3929D6083A00BC4EF6 /* Sources */,
				033B4A4B29D6083B00BC4EF6 /* Tests */,
				033B4A3829D6083A00BC4EF6 /* Products */,
			);
			sourceTree = "<group>";
		};
		033B4A3829D6083A00BC4EF6 /* Products */ = {
			isa = PBXGroup;
			children = (
				033B4A3729D6083A00BC4EF6 /* Rayz.app */,
				033B4A4829D6083B00BC4EF6 /* RayzTests.xctest */,
			);
			name = Products;
			sourceTree = "<group>";
		};
		033B4A3929D6083A00BC4EF6 /* Sources */ = {
			isa = PBXGroup;
			children = (
				034CB60C29D615960011751F /* App */,
				034CB61729D61CCB0011751F /* Dependencies */,
				034CB60F29D619C40011751F /* Features */,
				034CB60D29D6159E0011751F /* Shared */,
			);
			path = Sources;
			sourceTree = "<group>";
		};
		033B4A4B29D6083B00BC4EF6 /* Tests */ = {
			isa = PBXGroup;
			children = (
				033B4A4C29D6083B00BC4EF6 /* RayzTests.swift */,
			);
			path = Tests;
			sourceTree = "<group>";
		};
		033B4A6529D6086500BC4EF6 /* Resources */ = {
			isa = PBXGroup;
			children = (
				034526DB29D62F48006836D0 /* Info.plist */,
				033B4A4029D6083B00BC4EF6 /* Rayz.entitlements */,
				033B4A3E29D6083B00BC4EF6 /* Assets.xcassets */,
				034CB60729D608CC0011751F /* Preview Content */,
			);
			path = Resources;
			sourceTree = "<group>";
		};
		034CB60729D608CC0011751F /* Preview Content */ = {
			isa = PBXGroup;
			children = (
				034CB60829D608CC0011751F /* Preview Assets.xcassets */,
			);
			path = "Preview Content";
			sourceTree = "<group>";
		};
		034CB60C29D615960011751F /* App */ = {
			isa = PBXGroup;
			children = (
				033B4A3A29D6083A00BC4EF6 /* RayzApp.swift */,
				034CB63829D6262C0011751F /* UI */,
			);
			path = App;
			sourceTree = "<group>";
		};
		034CB60D29D6159E0011751F /* Shared */ = {
			isa = PBXGroup;
			children = (
				034CB60E29D615B50011751F /* UI */,
			);
			path = Shared;
			sourceTree = "<group>";
		};
		034CB60E29D615B50011751F /* UI */ = {
			isa = PBXGroup;
			children = (
				034CB62929D624250011751F /* Glow.swift */,
				034CB62B29D624250011751F /* GodRays.swift */,
				034CB62A29D624250011751F /* Particles.swift */,
				034CB62C29D624250011751F /* Vignette.swift */,
				034CB62629D6240A0011751F /* CGImage+Trim.swift */,
				034CB63429D625350011751F /* UIImage+SolidColor.swift */,
				034CB62729D6240B0011751F /* Rainbow.swift */,
				034CB62829D6240B0011751F /* ShareSheet.swift */,
				034CB63F29D626FD0011751F /* ExpandableGroup.swift */,
			);
			path = UI;
			sourceTree = "<group>";
		};
		034CB60F29D619C40011751F /* Features */ = {
			isa = PBXGroup;
			children = (
				034CB61029D61A300011751F /* Root */,
				034CB61329D61B5C0011751F /* Start */,
				034CB61529D61BEF0011751F /* Capture */,
				034CB61429D61B960011751F /* Composition */,
				034CB61629D61C0A0011751F /* Export */,
			);
			path = Features;
			sourceTree = "<group>";
		};
		034CB61029D61A300011751F /* Root */ = {
			isa = PBXGroup;
			children = (
				034CB61129D61A590011751F /* Root.swift */,
			);
			path = Root;
			sourceTree = "<group>";
		};
		034CB61329D61B5C0011751F /* Start */ = {
			isa = PBXGroup;
			children = (
				034526D929D629D9006836D0 /* Start.swift */,
			);
			path = Start;
			sourceTree = "<group>";
		};
		034CB61429D61B960011751F /* Composition */ = {
			isa = PBXGroup;
			children = (
			);
			path = Composition;
			sourceTree = "<group>";
		};
		034CB61529D61BEF0011751F /* Capture */ = {
			isa = PBXGroup;
			children = (
				03F9F9A829D66BBB00C91CE3 /* Capture.swift */,
				03F9F9A629D65A3300C91CE3 /* ImagePicker.swift */,
			);
			path = Capture;
			sourceTree = "<group>";
		};
		034CB61629D61C0A0011751F /* Export */ = {
			isa = PBXGroup;
			children = (
			);
			path = Export;
			sourceTree = "<group>";
		};
		034CB61729D61CCB0011751F /* Dependencies */ = {
			isa = PBXGroup;
			children = (
				034CB61829D61CFD0011751F /* MaskMaker */,
			);
			path = Dependencies;
			sourceTree = "<group>";
		};
		034CB61829D61CFD0011751F /* MaskMaker */ = {
			isa = PBXGroup;
			children = (
				034CB61C29D61D350011751F /* DIS08.mlpackage */,
				034CB61A29D61CFD0011751F /* MaskMakerClient.swift */,
				034CB61B29D61CFD0011751F /* MaskMaker.swift */,
			);
			path = MaskMaker;
			sourceTree = "<group>";
		};
		034CB63829D6262C0011751F /* UI */ = {
			isa = PBXGroup;
			children = (
				034CB63629D625D20011751F /* ColorTheme.swift */,
				034CB63929D626570011751F /* Butttons.swift */,
			);
			path = UI;
			sourceTree = "<group>";
		};
/* End PBXGroup section */

/* Begin PBXNativeTarget section */
		033B4A3629D6083A00BC4EF6 /* Rayz */ = {
			isa = PBXNativeTarget;
			buildConfigurationList = 033B4A5C29D6083B00BC4EF6 /* Build configuration list for PBXNativeTarget "Rayz" */;
			buildPhases = (
				033B4A3329D6083A00BC4EF6 /* Sources */,
				033B4A3429D6083A00BC4EF6 /* Frameworks */,
				033B4A3529D6083A00BC4EF6 /* Resources */,
			);
			buildRules = (
			);
			dependencies = (
			);
			name = Rayz;
			packageProductDependencies = (
				034CB60A29D6158D0011751F /* ComposableArchitecture */,
			);
			productName = Rayz;
			productReference = 033B4A3729D6083A00BC4EF6 /* Rayz.app */;
			productType = "com.apple.product-type.application";
		};
		033B4A4729D6083B00BC4EF6 /* RayzTests */ = {
			isa = PBXNativeTarget;
			buildConfigurationList = 033B4A5F29D6083B00BC4EF6 /* Build configuration list for PBXNativeTarget "RayzTests" */;
			buildPhases = (
				033B4A4429D6083B00BC4EF6 /* Sources */,
				033B4A4529D6083B00BC4EF6 /* Frameworks */,
				033B4A4629D6083B00BC4EF6 /* Resources */,
			);
			buildRules = (
			);
			dependencies = (
				033B4A4A29D6083B00BC4EF6 /* PBXTargetDependency */,
			);
			name = RayzTests;
			productName = RayzTests;
			productReference = 033B4A4829D6083B00BC4EF6 /* RayzTests.xctest */;
			productType = "com.apple.product-type.bundle.unit-test";
		};
/* End PBXNativeTarget section */

/* Begin PBXProject section */
		033B4A2F29D6083A00BC4EF6 /* Project object */ = {
			isa = PBXProject;
			attributes = {
				BuildIndependentTargetsInParallel = 1;
				LastSwiftUpdateCheck = 1420;
				LastUpgradeCheck = 1420;
				TargetAttributes = {
					033B4A3629D6083A00BC4EF6 = {
						CreatedOnToolsVersion = 14.2;
					};
					033B4A4729D6083B00BC4EF6 = {
						CreatedOnToolsVersion = 14.2;
						TestTargetID = 033B4A3629D6083A00BC4EF6;
					};
				};
			};
			buildConfigurationList = 033B4A3229D6083A00BC4EF6 /* Build configuration list for PBXProject "Rayz" */;
			compatibilityVersion = "Xcode 14.0";
			developmentRegion = en;
			hasScannedForEncodings = 0;
			knownRegions = (
				en,
				Base,
			);
			mainGroup = 033B4A2E29D6083A00BC4EF6;
			packageReferences = (
				034CB60929D6158D0011751F /* XCRemoteSwiftPackageReference "swift-composable-architecture" */,
			);
			productRefGroup = 033B4A3829D6083A00BC4EF6 /* Products */;
			projectDirPath = "";
			projectRoot = "";
			targets = (
				033B4A3629D6083A00BC4EF6 /* Rayz */,
				033B4A4729D6083B00BC4EF6 /* RayzTests */,
			);
		};
/* End PBXProject section */

/* Begin PBXResourcesBuildPhase section */
		033B4A3529D6083A00BC4EF6 /* Resources */ = {
			isa = PBXResourcesBuildPhase;
			buildActionMask = 2147483647;
			files = (
				033B4A3F29D6083B00BC4EF6 /* Assets.xcassets in Resources */,
			);
			runOnlyForDeploymentPostprocessing = 0;
		};
		033B4A4629D6083B00BC4EF6 /* Resources */ = {
			isa = PBXResourcesBuildPhase;
			buildActionMask = 2147483647;
			files = (
			);
			runOnlyForDeploymentPostprocessing = 0;
		};
/* End PBXResourcesBuildPhase section */

/* Begin PBXSourcesBuildPhase section */
		033B4A3329D6083A00BC4EF6 /* Sources */ = {
			isa = PBXSourcesBuildPhase;
			buildActionMask = 2147483647;
			files = (
				034CB61F29D6227D0011751F /* MaskMakerClient.swift in Sources */,
				034CB64029D626FD0011751F /* ExpandableGroup.swift in Sources */,
				034CB61D29D622670011751F /* MaskMaker.swift in Sources */,
				03F9F9A729D65A3300C91CE3 /* ImagePicker.swift in Sources */,
				034CB62F29D624840011751F /* Rainbow.swift in Sources */,
				033B4A3B29D6083A00BC4EF6 /* RayzApp.swift in Sources */,
				034CB61E29D6226A0011751F /* DIS08.mlpackage in Sources */,
				034CB62D29D624810011751F /* Glow.swift in Sources */,
				034CB63029D624840011751F /* Vignette.swift in Sources */,
				03F9F9A929D66BBB00C91CE3 /* Capture.swift in Sources */,
				034CB61229D61A590011751F /* Root.swift in Sources */,
				034CB62E29D624840011751F /* GodRays.swift in Sources */,
				034CB63A29D626570011751F /* Butttons.swift in Sources */,
				034CB63729D625D20011751F /* ColorTheme.swift in Sources */,
				034CB63329D624840011751F /* Particles.swift in Sources */,
				034CB63129D624840011751F /* CGImage+Trim.swift in Sources */,
				034CB63529D625350011751F /* UIImage+SolidColor.swift in Sources */,
				034526DA29D629D9006836D0 /* Start.swift in Sources */,
				034CB63229D624840011751F /* ShareSheet.swift in Sources */,
			);
			runOnlyForDeploymentPostprocessing = 0;
		};
		033B4A4429D6083B00BC4EF6 /* Sources */ = {
			isa = PBXSourcesBuildPhase;
			buildActionMask = 2147483647;
			files = (
				033B4A4D29D6083B00BC4EF6 /* RayzTests.swift in Sources */,
			);
			runOnlyForDeploymentPostprocessing = 0;
		};
/* End PBXSourcesBuildPhase section */

/* Begin PBXTargetDependency section */
		033B4A4A29D6083B00BC4EF6 /* PBXTargetDependency */ = {
			isa = PBXTargetDependency;
			target = 033B4A3629D6083A00BC4EF6 /* Rayz */;
			targetProxy = 033B4A4929D6083B00BC4EF6 /* PBXContainerItemProxy */;
		};
/* End PBXTargetDependency section */

/* Begin XCBuildConfiguration section */
		033B4A5A29D6083B00BC4EF6 /* Debug */ = {
			isa = XCBuildConfiguration;
			buildSettings = {
				ALWAYS_SEARCH_USER_PATHS = NO;
				CLANG_ANALYZER_NONNULL = YES;
				CLANG_ANALYZER_NUMBER_OBJECT_CONVERSION = YES_AGGRESSIVE;
				CLANG_CXX_LANGUAGE_STANDARD = "gnu++20";
				CLANG_ENABLE_MODULES = YES;
				CLANG_ENABLE_OBJC_ARC = YES;
				CLANG_ENABLE_OBJC_WEAK = YES;
				CLANG_WARN_BLOCK_CAPTURE_AUTORELEASING = YES;
				CLANG_WARN_BOOL_CONVERSION = YES;
				CLANG_WARN_COMMA = YES;
				CLANG_WARN_CONSTANT_CONVERSION = YES;
				CLANG_WARN_DEPRECATED_OBJC_IMPLEMENTATIONS = YES;
				CLANG_WARN_DIRECT_OBJC_ISA_USAGE = YES_ERROR;
				CLANG_WARN_DOCUMENTATION_COMMENTS = YES;
				CLANG_WARN_EMPTY_BODY = YES;
				CLANG_WARN_ENUM_CONVERSION = YES;
				CLANG_WARN_INFINITE_RECURSION = YES;
				CLANG_WARN_INT_CONVERSION = YES;
				CLANG_WARN_NON_LITERAL_NULL_CONVERSION = YES;
				CLANG_WARN_OBJC_IMPLICIT_RETAIN_SELF = YES;
				CLANG_WARN_OBJC_LITERAL_CONVERSION = YES;
				CLANG_WARN_OBJC_ROOT_CLASS = YES_ERROR;
				CLANG_WARN_QUOTED_INCLUDE_IN_FRAMEWORK_HEADER = YES;
				CLANG_WARN_RANGE_LOOP_ANALYSIS = YES;
				CLANG_WARN_STRICT_PROTOTYPES = YES;
				CLANG_WARN_SUSPICIOUS_MOVE = YES;
				CLANG_WARN_UNGUARDED_AVAILABILITY = YES_AGGRESSIVE;
				CLANG_WARN_UNREACHABLE_CODE = YES;
				CLANG_WARN__DUPLICATE_METHOD_MATCH = YES;
				COPY_PHASE_STRIP = NO;
				DEBUG_INFORMATION_FORMAT = dwarf;
				ENABLE_STRICT_OBJC_MSGSEND = YES;
				ENABLE_TESTABILITY = YES;
				GCC_C_LANGUAGE_STANDARD = gnu11;
				GCC_DYNAMIC_NO_PIC = NO;
				GCC_NO_COMMON_BLOCKS = YES;
				GCC_OPTIMIZATION_LEVEL = 0;
				GCC_PREPROCESSOR_DEFINITIONS = (
					"DEBUG=1",
					"$(inherited)",
				);
				GCC_WARN_64_TO_32_BIT_CONVERSION = YES;
				GCC_WARN_ABOUT_RETURN_TYPE = YES_ERROR;
				GCC_WARN_UNDECLARED_SELECTOR = YES;
				GCC_WARN_UNINITIALIZED_AUTOS = YES_AGGRESSIVE;
				GCC_WARN_UNUSED_FUNCTION = YES;
				GCC_WARN_UNUSED_VARIABLE = YES;
				MTL_ENABLE_DEBUG_INFO = INCLUDE_SOURCE;
				MTL_FAST_MATH = YES;
				ONLY_ACTIVE_ARCH = YES;
				SWIFT_ACTIVE_COMPILATION_CONDITIONS = DEBUG;
				SWIFT_OPTIMIZATION_LEVEL = "-Onone";
			};
			name = Debug;
		};
		033B4A5B29D6083B00BC4EF6 /* Release */ = {
			isa = XCBuildConfiguration;
			buildSettings = {
				ALWAYS_SEARCH_USER_PATHS = NO;
				CLANG_ANALYZER_NONNULL = YES;
				CLANG_ANALYZER_NUMBER_OBJECT_CONVERSION = YES_AGGRESSIVE;
				CLANG_CXX_LANGUAGE_STANDARD = "gnu++20";
				CLANG_ENABLE_MODULES = YES;
				CLANG_ENABLE_OBJC_ARC = YES;
				CLANG_ENABLE_OBJC_WEAK = YES;
				CLANG_WARN_BLOCK_CAPTURE_AUTORELEASING = YES;
				CLANG_WARN_BOOL_CONVERSION = YES;
				CLANG_WARN_COMMA = YES;
				CLANG_WARN_CONSTANT_CONVERSION = YES;
				CLANG_WARN_DEPRECATED_OBJC_IMPLEMENTATIONS = YES;
				CLANG_WARN_DIRECT_OBJC_ISA_USAGE = YES_ERROR;
				CLANG_WARN_DOCUMENTATION_COMMENTS = YES;
				CLANG_WARN_EMPTY_BODY = YES;
				CLANG_WARN_ENUM_CONVERSION = YES;
				CLANG_WARN_INFINITE_RECURSION = YES;
				CLANG_WARN_INT_CONVERSION = YES;
				CLANG_WARN_NON_LITERAL_NULL_CONVERSION = YES;
				CLANG_WARN_OBJC_IMPLICIT_RETAIN_SELF = YES;
				CLANG_WARN_OBJC_LITERAL_CONVERSION = YES;
				CLANG_WARN_OBJC_ROOT_CLASS = YES_ERROR;
				CLANG_WARN_QUOTED_INCLUDE_IN_FRAMEWORK_HEADER = YES;
				CLANG_WARN_RANGE_LOOP_ANALYSIS = YES;
				CLANG_WARN_STRICT_PROTOTYPES = YES;
				CLANG_WARN_SUSPICIOUS_MOVE = YES;
				CLANG_WARN_UNGUARDED_AVAILABILITY = YES_AGGRESSIVE;
				CLANG_WARN_UNREACHABLE_CODE = YES;
				CLANG_WARN__DUPLICATE_METHOD_MATCH = YES;
				COPY_PHASE_STRIP = NO;
				DEBUG_INFORMATION_FORMAT = "dwarf-with-dsym";
				ENABLE_NS_ASSERTIONS = NO;
				ENABLE_STRICT_OBJC_MSGSEND = YES;
				GCC_C_LANGUAGE_STANDARD = gnu11;
				GCC_NO_COMMON_BLOCKS = YES;
				GCC_WARN_64_TO_32_BIT_CONVERSION = YES;
				GCC_WARN_ABOUT_RETURN_TYPE = YES_ERROR;
				GCC_WARN_UNDECLARED_SELECTOR = YES;
				GCC_WARN_UNINITIALIZED_AUTOS = YES_AGGRESSIVE;
				GCC_WARN_UNUSED_FUNCTION = YES;
				GCC_WARN_UNUSED_VARIABLE = YES;
				MTL_ENABLE_DEBUG_INFO = NO;
				MTL_FAST_MATH = YES;
				SWIFT_COMPILATION_MODE = wholemodule;
				SWIFT_OPTIMIZATION_LEVEL = "-O";
			};
			name = Release;
		};
		033B4A5D29D6083B00BC4EF6 /* Debug */ = {
			isa = XCBuildConfiguration;
			buildSettings = {
				ASSETCATALOG_COMPILER_APPICON_NAME = AppIcon;
				ASSETCATALOG_COMPILER_GLOBAL_ACCENT_COLOR_NAME = AccentColor;
				CODE_SIGN_ENTITLEMENTS = Resources/Rayz.entitlements;
				CODE_SIGN_STYLE = Automatic;
				CURRENT_PROJECT_VERSION = 1;
				DEVELOPMENT_ASSET_PATHS = "\"Resources/Preview Content\"";
				DEVELOPMENT_TEAM = 54AU8R62CV;
				ENABLE_HARDENED_RUNTIME = YES;
				ENABLE_PREVIEWS = YES;
				GENERATE_INFOPLIST_FILE = YES;
				INFOPLIST_FILE = Resources/Info.plist;
				"INFOPLIST_KEY_UIApplicationSceneManifest_Generation[sdk=iphoneos*]" = YES;
				"INFOPLIST_KEY_UIApplicationSceneManifest_Generation[sdk=iphonesimulator*]" = YES;
				"INFOPLIST_KEY_UIApplicationSupportsIndirectInputEvents[sdk=iphoneos*]" = YES;
				"INFOPLIST_KEY_UIApplicationSupportsIndirectInputEvents[sdk=iphonesimulator*]" = YES;
				"INFOPLIST_KEY_UILaunchScreen_Generation[sdk=iphoneos*]" = YES;
				"INFOPLIST_KEY_UILaunchScreen_Generation[sdk=iphonesimulator*]" = YES;
				INFOPLIST_KEY_UIRequiresFullScreen = YES;
				"INFOPLIST_KEY_UIStatusBarStyle[sdk=iphoneos*]" = UIStatusBarStyleDefault;
				"INFOPLIST_KEY_UIStatusBarStyle[sdk=iphonesimulator*]" = UIStatusBarStyleDefault;
				INFOPLIST_KEY_UISupportedInterfaceOrientations = UIInterfaceOrientationPortrait;
				IPHONEOS_DEPLOYMENT_TARGET = 16.2;
				LD_RUNPATH_SEARCH_PATHS = "@executable_path/Frameworks";
				"LD_RUNPATH_SEARCH_PATHS[sdk=macosx*]" = "@executable_path/../Frameworks";
				MACOSX_DEPLOYMENT_TARGET = 13.1;
				MARKETING_VERSION = 1.0;
				PRODUCT_BUNDLE_IDENTIFIER = com.joshrl.Rayz;
				PRODUCT_NAME = "$(TARGET_NAME)";
				SDKROOT = auto;
				SUPPORTED_PLATFORMS = "iphoneos iphonesimulator";
				SUPPORTS_MACCATALYST = NO;
				SUPPORTS_MAC_DESIGNED_FOR_IPHONE_IPAD = NO;
				SWIFT_EMIT_LOC_STRINGS = YES;
				SWIFT_VERSION = 5.0;
				TARGETED_DEVICE_FAMILY = "1,2";
			};
			name = Debug;
		};
		033B4A5E29D6083B00BC4EF6 /* Release */ = {
			isa = XCBuildConfiguration;
			buildSettings = {
				ASSETCATALOG_COMPILER_APPICON_NAME = AppIcon;
				ASSETCATALOG_COMPILER_GLOBAL_ACCENT_COLOR_NAME = AccentColor;
				CODE_SIGN_ENTITLEMENTS = Resources/Rayz.entitlements;
				CODE_SIGN_STYLE = Automatic;
				CURRENT_PROJECT_VERSION = 1;
				DEVELOPMENT_ASSET_PATHS = "\"Resources/Preview Content\"";
				DEVELOPMENT_TEAM = 54AU8R62CV;
				ENABLE_HARDENED_RUNTIME = YES;
				ENABLE_PREVIEWS = YES;
				GENERATE_INFOPLIST_FILE = YES;
				INFOPLIST_FILE = Resources/Info.plist;
				"INFOPLIST_KEY_UIApplicationSceneManifest_Generation[sdk=iphoneos*]" = YES;
				"INFOPLIST_KEY_UIApplicationSceneManifest_Generation[sdk=iphonesimulator*]" = YES;
				"INFOPLIST_KEY_UIApplicationSupportsIndirectInputEvents[sdk=iphoneos*]" = YES;
				"INFOPLIST_KEY_UIApplicationSupportsIndirectInputEvents[sdk=iphonesimulator*]" = YES;
				"INFOPLIST_KEY_UILaunchScreen_Generation[sdk=iphoneos*]" = YES;
				"INFOPLIST_KEY_UILaunchScreen_Generation[sdk=iphonesimulator*]" = YES;
				INFOPLIST_KEY_UIRequiresFullScreen = YES;
				"INFOPLIST_KEY_UIStatusBarStyle[sdk=iphoneos*]" = UIStatusBarStyleDefault;
				"INFOPLIST_KEY_UIStatusBarStyle[sdk=iphonesimulator*]" = UIStatusBarStyleDefault;
				INFOPLIST_KEY_UISupportedInterfaceOrientations = UIInterfaceOrientationPortrait;
				IPHONEOS_DEPLOYMENT_TARGET = 16.2;
				LD_RUNPATH_SEARCH_PATHS = "@executable_path/Frameworks";
				"LD_RUNPATH_SEARCH_PATHS[sdk=macosx*]" = "@executable_path/../Frameworks";
				MACOSX_DEPLOYMENT_TARGET = 13.1;
				MARKETING_VERSION = 1.0;
				PRODUCT_BUNDLE_IDENTIFIER = com.joshrl.Rayz;
				PRODUCT_NAME = "$(TARGET_NAME)";
				SDKROOT = auto;
				SUPPORTED_PLATFORMS = "iphoneos iphonesimulator";
				SUPPORTS_MACCATALYST = NO;
				SUPPORTS_MAC_DESIGNED_FOR_IPHONE_IPAD = NO;
				SWIFT_EMIT_LOC_STRINGS = YES;
				SWIFT_VERSION = 5.0;
				TARGETED_DEVICE_FAMILY = "1,2";
			};
			name = Release;
		};
		033B4A6029D6083B00BC4EF6 /* Debug */ = {
			isa = XCBuildConfiguration;
			buildSettings = {
				ALWAYS_EMBED_SWIFT_STANDARD_LIBRARIES = YES;
				BUNDLE_LOADER = "$(TEST_HOST)";
				CODE_SIGN_STYLE = Automatic;
				CURRENT_PROJECT_VERSION = 1;
				DEVELOPMENT_TEAM = 54AU8R62CV;
				GENERATE_INFOPLIST_FILE = YES;
				IPHONEOS_DEPLOYMENT_TARGET = 16.2;
				MACOSX_DEPLOYMENT_TARGET = 13.1;
				MARKETING_VERSION = 1.0;
				PRODUCT_BUNDLE_IDENTIFIER = com.joshrl.RayzTests;
				PRODUCT_NAME = "$(TARGET_NAME)";
				SDKROOT = auto;
				SUPPORTED_PLATFORMS = "iphoneos iphonesimulator macosx";
				SWIFT_EMIT_LOC_STRINGS = NO;
				SWIFT_VERSION = 5.0;
				TARGETED_DEVICE_FAMILY = "1,2";
				TEST_HOST = "$(BUILT_PRODUCTS_DIR)/Rayz.app/$(BUNDLE_EXECUTABLE_FOLDER_PATH)/Rayz";
			};
			name = Debug;
		};
		033B4A6129D6083B00BC4EF6 /* Release */ = {
			isa = XCBuildConfiguration;
			buildSettings = {
				ALWAYS_EMBED_SWIFT_STANDARD_LIBRARIES = YES;
				BUNDLE_LOADER = "$(TEST_HOST)";
				CODE_SIGN_STYLE = Automatic;
				CURRENT_PROJECT_VERSION = 1;
				DEVELOPMENT_TEAM = 54AU8R62CV;
				GENERATE_INFOPLIST_FILE = YES;
				IPHONEOS_DEPLOYMENT_TARGET = 16.2;
				MACOSX_DEPLOYMENT_TARGET = 13.1;
				MARKETING_VERSION = 1.0;
				PRODUCT_BUNDLE_IDENTIFIER = com.joshrl.RayzTests;
				PRODUCT_NAME = "$(TARGET_NAME)";
				SDKROOT = auto;
				SUPPORTED_PLATFORMS = "iphoneos iphonesimulator macosx";
				SWIFT_EMIT_LOC_STRINGS = NO;
				SWIFT_VERSION = 5.0;
				TARGETED_DEVICE_FAMILY = "1,2";
				TEST_HOST = "$(BUILT_PRODUCTS_DIR)/Rayz.app/$(BUNDLE_EXECUTABLE_FOLDER_PATH)/Rayz";
			};
			name = Release;
		};
/* End XCBuildConfiguration section */

/* Begin XCConfigurationList section */
		033B4A3229D6083A00BC4EF6 /* Build configuration list for PBXProject "Rayz" */ = {
			isa = XCConfigurationList;
			buildConfigurations = (
				033B4A5A29D6083B00BC4EF6 /* Debug */,
				033B4A5B29D6083B00BC4EF6 /* Release */,
			);
			defaultConfigurationIsVisible = 0;
			defaultConfigurationName = Release;
		};
		033B4A5C29D6083B00BC4EF6 /* Build configuration list for PBXNativeTarget "Rayz" */ = {
			isa = XCConfigurationList;
			buildConfigurations = (
				033B4A5D29D6083B00BC4EF6 /* Debug */,
				033B4A5E29D6083B00BC4EF6 /* Release */,
			);
			defaultConfigurationIsVisible = 0;
			defaultConfigurationName = Release;
		};
		033B4A5F29D6083B00BC4EF6 /* Build configuration list for PBXNativeTarget "RayzTests" */ = {
			isa = XCConfigurationList;
			buildConfigurations = (
				033B4A6029D6083B00BC4EF6 /* Debug */,
				033B4A6129D6083B00BC4EF6 /* Release */,
			);
			defaultConfigurationIsVisible = 0;
			defaultConfigurationName = Release;
		};
/* End XCConfigurationList section */

/* Begin XCRemoteSwiftPackageReference section */
		034CB60929D6158D0011751F /* XCRemoteSwiftPackageReference "swift-composable-architecture" */ = {
			isa = XCRemoteSwiftPackageReference;
			repositoryURL = "https://github.com/pointfreeco/swift-composable-architecture";
			requirement = {
				branch = prerelease/1.0;
				kind = branch;
			};
		};
/* End XCRemoteSwiftPackageReference section */

/* Begin XCSwiftPackageProductDependency section */
		034CB60A29D6158D0011751F /* ComposableArchitecture */ = {
			isa = XCSwiftPackageProductDependency;
			package = 034CB60929D6158D0011751F /* XCRemoteSwiftPackageReference "swift-composable-architecture" */;
			productName = ComposableArchitecture;
		};
/* End XCSwiftPackageProductDependency section */
	};
	rootObject = 033B4A2F29D6083A00BC4EF6 /* Project object */;
}
